
Microsoft Visual Studio Solution File, Format Version 12.00
# Visual Studio Version 16
VisualStudioVersion = 16.0.32413.511
MinimumVisualStudioVersion = 10.0.40219.1
Project("{FAE04EC0-301F-11D3-BF4B-00C04F79EFBC}") = "SortByCityStateOrZip", "SortByCityStateOrZip\SortByCityStateOrZip.csproj", "{0EFE0866-1C01-4014-8899-1C2C62E14C8A}"
EndProject
Global
	GlobalSection(SolutionConfigurationPlatforms) = preSolution
		Debug|Any CPU = Debug|Any CPU
		Release|Any CPU = Release|Any CPU
	EndGlobalSection
	GlobalSection(ProjectConfigurationPlatforms) = postSolution
		{0EFE0866-1C01-4014-8899-1C2C62E14C8A}.Debug|Any CPU.ActiveCfg = Debug|Any CPU
		{0EFE0866-1C01-4014-8899-1C2C62E14C8A}.Debug|Any CPU.Build.0 = Debug|Any CPU
		{0EFE0866-1C01-4014-8899-1C2C62E14C8A}.Release|Any CPU.ActiveCfg = Release|Any CPU
		{0EFE0866-1C01-4014-8899-1C2C62E14C8A}.Release|Any CPU.Build.0 = Release|Any CPU
	EndGlobalSection
	GlobalSection(SolutionProperties) = preSolution
		HideSolutionNode = FALSE
	EndGlobalSection
	GlobalSection(ExtensibilityGlobals) = postSolution
		SolutionGuid = {FFCC3223-1A82-42D7-9FDF-A1A534F035E8}
	EndGlobalSection
EndGlobal
